// !$*UTF8*$!
{
 archiveVersion = 1;
 classes = {};
 objectVersion = 56;
 objects = {
  A00000000000000000000001 = {isa = PBXProject; attributes = {LastSwiftUpdateCheck = 1600; LastUpgradeCheck = 1600;}; buildConfigurationList = A00000000000000000000002; compatibilityVersion = "Xcode 14.0"; developmentRegion = en; hasScannedForEncodings = 0; mainGroup = A00000000000000000000003; productRefGroup = A00000000000000000000004; projectDirPath = ""; projectRoot = ""; targets = (A00000000000000000000005,A00000000000000000000007);};
  A00000000000000000000002 = {isa = XCConfigurationList; buildConfigurations = (A00000000000000000000042,A00000000000000000000043); defaultConfigurationIsVisible = 0; defaultConfigurationName = Release;};
  A00000000000000000000003 = {isa = PBXGroup; children = (A00000000000000000000010,A00000000000000000000011,A00000000000000000000012,A00000000000000000000013,A00000000000000000000014,A00000000000000000000015,A00000000000000000000016,A00000000000000000000017,A00000000000000000000004); sourceTree = "<group>";};
  A00000000000000000000004 = {isa = PBXGroup; children = (A00000000000000000000020,A00000000000000000000021); name = Products; sourceTree = "<group>";};
  A00000000000000000000005 = {isa = PBXNativeTarget; buildConfigurationList = A00000000000000000000006; buildPhases = (A00000000000000000000030,A00000000000000000000031,A00000000000000000000032); buildRules = (); dependencies = (); name = GhostScienceM3Clone; productName = GhostScienceM3Clone; productReference = A00000000000000000000020; productType = "com.apple.product-type.application";};
  A00000000000000000000006 = {isa = XCConfigurationList; buildConfigurations = (A00000000000000000000040,A00000000000000000000041); defaultConfigurationIsVisible = 0; defaultConfigurationName = Release;};
  A00000000000000000000007 = {isa = PBXNativeTarget; buildConfigurationList = A00000000000000000000008; buildPhases = (A00000000000000000000033,A00000000000000000000034,A00000000000000000000035); buildRules = (); dependencies = (A00000000000000000000060); name = GhostScienceM3CloneTests; productName = GhostScienceM3CloneTests; productReference = A00000000000000000000021; productType = "com.apple.product-type.bundle.unit-test";};
  A00000000000000000000008 = {isa = XCConfigurationList; buildConfigurations = (A00000000000000000000044,A00000000000000000000045); defaultConfigurationIsVisible = 0; defaultConfigurationName = Release;};
  A00000000000000000000010 = {isa = PBXFileReference; lastKnownFileType = sourcecode.swift; path = GhostScienceM3CloneApp.swift; sourceTree = "<group>";};
  A00000000000000000000011 = {isa = PBXFileReference; lastKnownFileType = sourcecode.swift; path = ContentView.swift; sourceTree = "<group>";};
  A00000000000000000000012 = {isa = PBXFileReference; lastKnownFileType = sourcecode.swift; path = LiDARScannerModel.swift; sourceTree = "<group>";};
  A00000000000000000000013 = {isa = PBXFileReference; lastKnownFileType = sourcecode.swift; path = LiDARCameraView.swift; sourceTree = "<group>";};
  A00000000000000000000014 = {isa = PBXFileReference; lastKnownFileType = text.plist.xml; path = Info.plist; sourceTree = "<group>";};
  A00000000000000000000015 = {isa = PBXFileReference; lastKnownFileType = sourcecode.swift; path = DepthAnalyzer.swift; sourceTree = "<group>";};
  A00000000000000000000016 = {isa = PBXFileReference; lastKnownFileType = sourcecode.swift; path = AudioRecorder.swift; sourceTree = "<group>";};
  A00000000000000000000017 = {isa = PBXFileReference; lastKnownFileType = sourcecode.swift; path = GhostScienceM3CloneTests/DepthAnalyzerTests.swift; sourceTree = "<group>";};
  A00000000000000000000020 = {isa = PBXFileReference; explicitFileType = wrapper.application; includeInIndex = 0; path = GhostScienceM3Clone.app; sourceTree = BUILT_PRODUCTS_DIR;};
  A00000000000000000000021 = {isa = PBXFileReference; explicitFileType = wrapper.cfbundle; includeInIndex = 0; path = GhostScienceM3CloneTests.xctest; sourceTree = BUILT_PRODUCTS_DIR;};
  A00000000000000000000030 = {isa = PBXSourcesBuildPhase; buildActionMask = 2147483647; files = (A00000000000000000000050,A00000000000000000000051,A00000000000000000000052,A00000000000000000000053,A00000000000000000000054,A00000000000000000000055); runOnlyForDeploymentPostprocessing = 0;};
  A00000000000000000000031 = {isa = PBXFrameworksBuildPhase; buildActionMask = 2147483647; files = (); runOnlyForDeploymentPostprocessing = 0;};
  A00000000000000000000032 = {isa = PBXResourcesBuildPhase; buildActionMask = 2147483647; files = (); runOnlyForDeploymentPostprocessing = 0;};
  A00000000000000000000033 = {isa = PBXSourcesBuildPhase; buildActionMask = 2147483647; files = (A00000000000000000000056); runOnlyForDeploymentPostprocessing = 0;};
  A00000000000000000000034 = {isa = PBXFrameworksBuildPhase; buildActionMask = 2147483647; files = (); runOnlyForDeploymentPostprocessing = 0;};
  A00000000000000000000035 = {isa = PBXResourcesBuildPhase; buildActionMask = 2147483647; files = (); runOnlyForDeploymentPostprocessing = 0;};
  A00000000000000000000050 = {isa = PBXBuildFile; fileRef = A00000000000000000000010;};
  A00000000000000000000051 = {isa = PBXBuildFile; fileRef = A00000000000000000000011;};
  A00000000000000000000052 = {isa = PBXBuildFile; fileRef = A00000000000000000000012;};
  A00000000000000000000053 = {isa = PBXBuildFile; fileRef = A00000000000000000000013;};
  A00000000000000000000054 = {isa = PBXBuildFile; fileRef = A00000000000000000000015;};
  A00000000000000000000055 = {isa = PBXBuildFile; fileRef = A00000000000000000000016;};
  A00000000000000000000056 = {isa = PBXBuildFile; fileRef = A00000000000000000000017;};
  A00000000000000000000060 = {isa = PBXTargetDependency; target = A00000000000000000000005; targetProxy = A00000000000000000000061;};
  A00000000000000000000061 = {isa = PBXContainerItemProxy; containerPortal = A00000000000000000000001; proxyType = 1; remoteGlobalIDString = A00000000000000000000005; remoteInfo = GhostScienceM3Clone;};
  A00000000000000000000040 = {isa = XCBuildConfiguration; buildSettings = {INFOPLIST_FILE = Info.plist; IPHONEOS_DEPLOYMENT_TARGET = 17.0; PRODUCT_BUNDLE_IDENTIFIER = com.techphactory.ghostsciencem3clone; PRODUCT_NAME = "$(TARGET_NAME)"; SWIFT_VERSION = 5.0; TARGETED_DEVICE_FAMILY = "1,2";}; name = Debug;};
  A00000000000000000000041 = {isa = XCBuildConfiguration; buildSettings = {INFOPLIST_FILE = Info.plist; IPHONEOS_DEPLOYMENT_TARGET = 17.0; PRODUCT_BUNDLE_IDENTIFIER = com.techphactory.ghostsciencem3clone; PRODUCT_NAME = "$(TARGET_NAME)"; SWIFT_VERSION = 5.0; TARGETED_DEVICE_FAMILY = "1,2";}; name = Release;};
  A00000000000000000000042 = {isa = XCBuildConfiguration; buildSettings = {ALWAYS_SEARCH_USER_PATHS = NO; CLANG_ENABLE_MODULES = YES; SWIFT_OPTIMIZATION_LEVEL = "-Onone";}; name = Debug;};
  A00000000000000000000043 = {isa = XCBuildConfiguration; buildSettings = {ALWAYS_SEARCH_USER_PATHS = NO; CLANG_ENABLE_MODULES = YES; SWIFT_OPTIMIZATION_LEVEL = "-O";}; name = Release;};
  A00000000000000000000044 = {isa = XCBuildConfiguration; buildSettings = {BUNDLE_LOADER = "$(TEST_HOST)"; GENERATE_INFOPLIST_FILE = YES; IPHONEOS_DEPLOYMENT_TARGET = 17.0; PRODUCT_BUNDLE_IDENTIFIER = com.techphactory.ghostsciencem3cloneTests; SWIFT_VERSION = 5.0; TEST_HOST = "$(BUILT_PRODUCTS_DIR)/GhostScienceM3Clone.app/GhostScienceM3Clone";}; name = Debug;};
  A00000000000000000000045 = {isa = XCBuildConfiguration; buildSettings = {BUNDLE_LOADER = "$(TEST_HOST)"; GENERATE_INFOPLIST_FILE = YES; IPHONEOS_DEPLOYMENT_TARGET = 17.0; PRODUCT_BUNDLE_IDENTIFIER = com.techphactory.ghostsciencem3cloneTests; SWIFT_VERSION = 5.0; TEST_HOST = "$(BUILT_PRODUCTS_DIR)/GhostScienceM3Clone.app/GhostScienceM3Clone";}; name = Release;};
 };
 rootObject = A00000000000000000000001;
}
